
Microsoft Visual Studio Solution File, Format Version 12.00
# Visual Studio Version 16
VisualStudioVersion = 16.0.33529.622
MinimumVisualStudioVersion = 10.0.40219.1
Project("{FAE04EC0-301F-11D3-BF4B-00C04F79EFBC}") = "HandyTweaks", "HandyTweaks\HandyTweaks.csproj", "{2D40B4FD-1950-403C-B9B0-762CDF06EB15}"
EndProject
Global
	GlobalSection(SolutionConfigurationPlatforms) = preSolution
		Debug|Any CPU = Debug|Any CPU
		Release|Any CPU = Release|Any CPU
	EndGlobalSection
	GlobalSection(ProjectConfigurationPlatforms) = postSolution
		{2D40B4FD-1950-403C-B9B0-762CDF06EB15}.Debug|Any CPU.ActiveCfg = Debug|Any CPU
		{2D40B4FD-1950-403C-B9B0-762CDF06EB15}.Debug|Any CPU.Build.0 = Debug|Any CPU
		{2D40B4FD-1950-403C-B9B0-762CDF06EB15}.Release|Any CPU.ActiveCfg = Release|Any CPU
		{2D40B4FD-1950-403C-B9B0-762CDF06EB15}.Release|Any CPU.Build.0 = Release|Any CPU
	EndGlobalSection
	GlobalSection(SolutionProperties) = preSolution
		HideSolutionNode = FALSE
	EndGlobalSection
	GlobalSection(ExtensibilityGlobals) = postSolution
		SolutionGuid = {F39A3F2F-6B40-49B5-BEDA-AB59FE3246FB}
	EndGlobalSection
EndGlobal
